
Microsoft Visual Studio Solution File, Format Version 12.00
# Visual Studio Version 17
VisualStudioVersion = 17.12.35707.178
MinimumVisualStudioVersion = 10.0.40219.1
Project("{2150E333-8FDC-42A3-9474-1A3956D46DE8}") = "SolutionItems", "SolutionItems", "{1C559893-24B1-4372-9CBA-C90EF85C83E3}"
	ProjectSection(SolutionItems) = preProject
		Merchandise.Application\Dockerfile = Merchandise.Application\Dockerfile
		Domains.txt = Domains.txt
		Tasks.txt = Tasks.txt
	EndProjectSection
EndProject
Project("{FAE04EC0-301F-11D3-BF4B-00C04F79EFBC}") = "Merchandise.Application", "Merchandise.Application\Merchandise.Application.csproj", "{4F0148E1-6468-4366-A332-3C1DE02D4BB2}"
EndProject
Project("{FAE04EC0-301F-11D3-BF4B-00C04F79EFBC}") = "Merchandise.Domain", "Merchandise.Domain\Merchandise.Domain.csproj", "{F6B6E97E-91CA-4ADB-BC2F-7908FC7E6D27}"
EndProject
Project("{FAE04EC0-301F-11D3-BF4B-00C04F79EFBC}") = "Merchandise.Infrastructure", "Merchandise.Infrastructure\Merchandise.Infrastructure.csproj", "{1DEE13B5-AF44-41F6-AB78-C960123DF17B}"
EndProject
Global
	GlobalSection(SolutionConfigurationPlatforms) = preSolution
		Debug|Any CPU = Debug|Any CPU
		Release|Any CPU = Release|Any CPU
	EndGlobalSection
	GlobalSection(ProjectConfigurationPlatforms) = postSolution
		{4F0148E1-6468-4366-A332-3C1DE02D4BB2}.Debug|Any CPU.ActiveCfg = Debug|Any CPU
		{4F0148E1-6468-4366-A332-3C1DE02D4BB2}.Debug|Any CPU.Build.0 = Debug|Any CPU
		{4F0148E1-6468-4366-A332-3C1DE02D4BB2}.Release|Any CPU.ActiveCfg = Release|Any CPU
		{4F0148E1-6468-4366-A332-3C1DE02D4BB2}.Release|Any CPU.Build.0 = Release|Any CPU
		{F6B6E97E-91CA-4ADB-BC2F-7908FC7E6D27}.Debug|Any CPU.ActiveCfg = Debug|Any CPU
		{F6B6E97E-91CA-4ADB-BC2F-7908FC7E6D27}.Debug|Any CPU.Build.0 = Debug|Any CPU
		{F6B6E97E-91CA-4ADB-BC2F-7908FC7E6D27}.Release|Any CPU.ActiveCfg = Release|Any CPU
		{F6B6E97E-91CA-4ADB-BC2F-7908FC7E6D27}.Release|Any CPU.Build.0 = Release|Any CPU
		{1DEE13B5-AF44-41F6-AB78-C960123DF17B}.Debug|Any CPU.ActiveCfg = Debug|Any CPU
		{1DEE13B5-AF44-41F6-AB78-C960123DF17B}.Debug|Any CPU.Build.0 = Debug|Any CPU
		{1DEE13B5-AF44-41F6-AB78-C960123DF17B}.Release|Any CPU.ActiveCfg = Release|Any CPU
		{1DEE13B5-AF44-41F6-AB78-C960123DF17B}.Release|Any CPU.Build.0 = Release|Any CPU
	EndGlobalSection
	GlobalSection(SolutionProperties) = preSolution
		HideSolutionNode = FALSE
	EndGlobalSection
EndGlobal
